
Microsoft Visual Studio Solution File, Format Version 12.00
# Visual Studio Version 17
VisualStudioVersion = 17.0.31903.59
MinimumVisualStudioVersion = 10.0.40219.1
Project("{2150E333-8FDC-42A3-9474-1A3956D46DE8}") = "src", "src", "{70E70E01-4D89-4942-B565-7AD1C12C4D6A}"
EndProject
Project("{2150E333-8FDC-42A3-9474-1A3956D46DE8}") = "Services", "Services", "{3E271745-4FE5-430C-A223-F1B458C39825}"
EndProject
Project("{2150E333-8FDC-42A3-9474-1A3956D46DE8}") = "BG", "BG", "{1BDEDD9D-27D1-41FC-B522-DE71162B0960}"
EndProject
Project("{FAE04EC0-301F-11D3-BF4B-00C04F79EFBC}") = "BG.API", "src\server\BG\BG.API\BG.API.csproj", "{E6403136-D2D1-4103-88E2-DCFE0AB0CE00}"
EndProject
Project("{FAE04EC0-301F-11D3-BF4B-00C04F79EFBC}") = "BG.Application", "src\server\BG\BG.Application\BG.Application.csproj", "{6A703ABD-52D1-4731-8A09-D9E61831C49F}"
EndProject
Project("{FAE04EC0-301F-11D3-BF4B-00C04F79EFBC}") = "BG.Core", "src\server\BG\BG.Core\BG.Core.csproj", "{FC6F54D0-4E29-4F23-B491-5D143E8ED9B8}"
EndProject
Project("{FAE04EC0-301F-11D3-BF4B-00C04F79EFBC}") = "BG.Infrastructure", "src\server\BG\BG.Infrastructure\BG.Infrastructure.csproj", "{936E5012-08CC-4154-B5E3-B7FFB3B5DE92}"
EndProject
Project("{2150E333-8FDC-42A3-9474-1A3956D46DE8}") = "Solution Items", "Solution Items", "{1B4C6EF3-B9B1-4CB8-808B-7B662FDA3126}"
	ProjectSection(SolutionItems) = preProject
		Directory.Packages.props = Directory.Packages.props
		Nuget.config = Nuget.config
		README.md = README.md
	EndProjectSection
EndProject
Project("{2150E333-8FDC-42A3-9474-1A3956D46DE8}") = "Common", "Common", "{0FA4D1D7-FC17-4C5A-8B0A-BD71FCF101DD}"
EndProject
Project("{FAE04EC0-301F-11D3-BF4B-00C04F79EFBC}") = "Common.Utils", "src\server\Common\Common.Utils\Common.Utils.csproj", "{97F32851-A256-44EE-8F47-68EC7B845998}"
EndProject
Global
	GlobalSection(SolutionConfigurationPlatforms) = preSolution
		Debug|Any CPU = Debug|Any CPU
		Release|Any CPU = Release|Any CPU
	EndGlobalSection
	GlobalSection(ProjectConfigurationPlatforms) = postSolution
		{E6403136-D2D1-4103-88E2-DCFE0AB0CE00}.Debug|Any CPU.ActiveCfg = Debug|Any CPU
		{E6403136-D2D1-4103-88E2-DCFE0AB0CE00}.Debug|Any CPU.Build.0 = Debug|Any CPU
		{E6403136-D2D1-4103-88E2-DCFE0AB0CE00}.Release|Any CPU.ActiveCfg = Release|Any CPU
		{E6403136-D2D1-4103-88E2-DCFE0AB0CE00}.Release|Any CPU.Build.0 = Release|Any CPU
		{6A703ABD-52D1-4731-8A09-D9E61831C49F}.Debug|Any CPU.ActiveCfg = Debug|Any CPU
		{6A703ABD-52D1-4731-8A09-D9E61831C49F}.Debug|Any CPU.Build.0 = Debug|Any CPU
		{6A703ABD-52D1-4731-8A09-D9E61831C49F}.Release|Any CPU.ActiveCfg = Release|Any CPU
		{6A703ABD-52D1-4731-8A09-D9E61831C49F}.Release|Any CPU.Build.0 = Release|Any CPU
		{FC6F54D0-4E29-4F23-B491-5D143E8ED9B8}.Debug|Any CPU.ActiveCfg = Debug|Any CPU
		{FC6F54D0-4E29-4F23-B491-5D143E8ED9B8}.Debug|Any CPU.Build.0 = Debug|Any CPU
		{FC6F54D0-4E29-4F23-B491-5D143E8ED9B8}.Release|Any CPU.ActiveCfg = Release|Any CPU
		{FC6F54D0-4E29-4F23-B491-5D143E8ED9B8}.Release|Any CPU.Build.0 = Release|Any CPU
		{936E5012-08CC-4154-B5E3-B7FFB3B5DE92}.Debug|Any CPU.ActiveCfg = Debug|Any CPU
		{936E5012-08CC-4154-B5E3-B7FFB3B5DE92}.Debug|Any CPU.Build.0 = Debug|Any CPU
		{936E5012-08CC-4154-B5E3-B7FFB3B5DE92}.Release|Any CPU.ActiveCfg = Release|Any CPU
		{936E5012-08CC-4154-B5E3-B7FFB3B5DE92}.Release|Any CPU.Build.0 = Release|Any CPU
		{97F32851-A256-44EE-8F47-68EC7B845998}.Debug|Any CPU.ActiveCfg = Debug|Any CPU
		{97F32851-A256-44EE-8F47-68EC7B845998}.Debug|Any CPU.Build.0 = Debug|Any CPU
		{97F32851-A256-44EE-8F47-68EC7B845998}.Release|Any CPU.ActiveCfg = Release|Any CPU
		{97F32851-A256-44EE-8F47-68EC7B845998}.Release|Any CPU.Build.0 = Release|Any CPU
	EndGlobalSection
	GlobalSection(SolutionProperties) = preSolution
		HideSolutionNode = FALSE
	EndGlobalSection
	GlobalSection(NestedProjects) = preSolution
		{3E271745-4FE5-430C-A223-F1B458C39825} = {70E70E01-4D89-4942-B565-7AD1C12C4D6A}
		{1BDEDD9D-27D1-41FC-B522-DE71162B0960} = {3E271745-4FE5-430C-A223-F1B458C39825}
		{E6403136-D2D1-4103-88E2-DCFE0AB0CE00} = {1BDEDD9D-27D1-41FC-B522-DE71162B0960}
		{6A703ABD-52D1-4731-8A09-D9E61831C49F} = {1BDEDD9D-27D1-41FC-B522-DE71162B0960}
		{FC6F54D0-4E29-4F23-B491-5D143E8ED9B8} = {1BDEDD9D-27D1-41FC-B522-DE71162B0960}
		{936E5012-08CC-4154-B5E3-B7FFB3B5DE92} = {1BDEDD9D-27D1-41FC-B522-DE71162B0960}
		{0FA4D1D7-FC17-4C5A-8B0A-BD71FCF101DD} = {3E271745-4FE5-430C-A223-F1B458C39825}
		{97F32851-A256-44EE-8F47-68EC7B845998} = {0FA4D1D7-FC17-4C5A-8B0A-BD71FCF101DD}
	EndGlobalSection
EndGlobal
